
Microsoft Visual Studio Solution File, Format Version 12.00
# Visual Studio Version 17
VisualStudioVersion = 17.4.33213.308
MinimumVisualStudioVersion = 10.0.40219.1
Project("{FAE04EC0-301F-11D3-BF4B-00C04F79EFBC}") = "Operaciones", "Operaciones.csproj", "{66A8C89D-5BDB-4404-A964-C87C46840393}"
EndProject
Global
	GlobalSection(SolutionConfigurationPlatforms) = preSolution
		Debug|Any CPU = Debug|Any CPU
		Release|Any CPU = Release|Any CPU
	EndGlobalSection
	GlobalSection(ProjectConfigurationPlatforms) = postSolution
		{66A8C89D-5BDB-4404-A964-C87C46840393}.Debug|Any CPU.ActiveCfg = Debug|Any CPU
		{66A8C89D-5BDB-4404-A964-C87C46840393}.Debug|Any CPU.Build.0 = Debug|Any CPU
		{66A8C89D-5BDB-4404-A964-C87C46840393}.Release|Any CPU.ActiveCfg = Release|Any CPU
		{66A8C89D-5BDB-4404-A964-C87C46840393}.Release|Any CPU.Build.0 = Release|Any CPU
	EndGlobalSection
	GlobalSection(SolutionProperties) = preSolution
		HideSolutionNode = FALSE
	EndGlobalSection
	GlobalSection(ExtensibilityGlobals) = postSolution
		SolutionGuid = {F1C44FEC-AF5C-46E1-AA74-A352E12A21E3}
	EndGlobalSection
EndGlobal
